// !$*UTF8*$!
{
	archiveVersion = 1;
	classes = {
	};
	objectVersion = 50;
	objects = {

/* Begin PBXBuildFile section */
		7802DA22241374AB00BA33DE /* ComposeViewController.swift in Sources */ = {isa = PBXBuildFile; fileRef = 7802DA21241374AB00BA33DE /* ComposeViewController.swift */; };
		785ABA952410D8DA00FCD0DE /* AppDelegate.swift in Sources */ = {isa = PBXBuildFile; fileRef = 785ABA942410D8DA00FCD0DE /* AppDelegate.swift */; };
		785ABA972410D8DA00FCD0DE /* SceneDelegate.swift in Sources */ = {isa = PBXBuildFile; fileRef = 785ABA962410D8DA00FCD0DE /* SceneDelegate.swift */; };
		785ABA9F2410D8DA00FCD0DE /* FreeMemo.xcdatamodeld in Sources */ = {isa = PBXBuildFile; fileRef = 785ABA9D2410D8DA00FCD0DE /* FreeMemo.xcdatamodeld */; };
		785ABAA12410D8DA00FCD0DE /* Assets.xcassets in Resources */ = {isa = PBXBuildFile; fileRef = 785ABAA02410D8DA00FCD0DE /* Assets.xcassets */; };
		785ABAA42410D8DA00FCD0DE /* LaunchScreen.storyboard in Resources */ = {isa = PBXBuildFile; fileRef = 785ABAA22410D8DA00FCD0DE /* LaunchScreen.storyboard */; };
		789A28A32410E4F9008DCD4B /* MemoListViewController.swift in Sources */ = {isa = PBXBuildFile; fileRef = 789A28A22410E4F9008DCD4B /* MemoListViewController.swift */; };
		789A28A92410F576008DCD4B /* MemoCells.swift in Sources */ = {isa = PBXBuildFile; fileRef = 789A28A82410F576008DCD4B /* MemoCells.swift */; };
		78E0D9E22414CCCB000452AD /* PictureCell.swift in Sources */ = {isa = PBXBuildFile; fileRef = 78E0D9E12414CCCB000452AD /* PictureCell.swift */; };
/* End PBXBuildFile section */

/* Begin PBXFileReference section */
		7802DA21241374AB00BA33DE /* ComposeViewController.swift */ = {isa = PBXFileReference; lastKnownFileType = sourcecode.swift; path = ComposeViewController.swift; sourceTree = "<group>"; };
		785ABA912410D8DA00FCD0DE /* FreeMemo.app */ = {isa = PBXFileReference; explicitFileType = wrapper.application; includeInIndex = 0; path = FreeMemo.app; sourceTree = BUILT_PRODUCTS_DIR; };
		785ABA942410D8DA00FCD0DE /* AppDelegate.swift */ = {isa = PBXFileReference; lastKnownFileType = sourcecode.swift; path = AppDelegate.swift; sourceTree = "<group>"; };
		785ABA962410D8DA00FCD0DE /* SceneDelegate.swift */ = {isa = PBXFileReference; lastKnownFileType = sourcecode.swift; path = SceneDelegate.swift; sourceTree = "<group>"; };
		785ABA9E2410D8DA00FCD0DE /* FreeMemo.xcdatamodel */ = {isa = PBXFileReference; lastKnownFileType = wrapper.xcdatamodel; path = FreeMemo.xcdatamodel; sourceTree = "<group>"; };
		785ABAA02410D8DA00FCD0DE /* Assets.xcassets */ = {isa = PBXFileReference; lastKnownFileType = folder.assetcatalog; path = Assets.xcassets; sourceTree = "<group>"; };
		785ABAA32410D8DA00FCD0DE /* Base */ = {isa = PBXFileReference; lastKnownFileType = file.storyboard; name = Base; path = Base.lproj/LaunchScreen.storyboard; sourceTree = "<group>"; };
		785ABAA52410D8DA00FCD0DE /* Info.plist */ = {isa = PBXFileReference; lastKnownFileType = text.plist.xml; path = Info.plist; sourceTree = "<group>"; };
		789A28A22410E4F9008DCD4B /* MemoListViewController.swift */ = {isa = PBXFileReference; lastKnownFileType = sourcecode.swift; path = MemoListViewController.swift; sourceTree = "<group>"; };
		789A28A82410F576008DCD4B /* MemoCells.swift */ = {isa = PBXFileReference; lastKnownFileType = sourcecode.swift; path = MemoCells.swift; sourceTree = "<group>"; };
		78E0D9E12414CCCB000452AD /* PictureCell.swift */ = {isa = PBXFileReference; lastKnownFileType = sourcecode.swift; path = PictureCell.swift; sourceTree = "<group>"; };
/* End PBXFileReference section */

/* Begin PBXFrameworksBuildPhase section */
		785ABA8E2410D8D900FCD0DE /* Frameworks */ = {
			isa = PBXFrameworksBuildPhase;
			buildActionMask = 2147483647;
			files = (
			);
			runOnlyForDeploymentPostprocessing = 0;
		};
/* End PBXFrameworksBuildPhase section */

/* Begin PBXGroup section */
		785ABA882410D8D900FCD0DE = {
			isa = PBXGroup;
			children = (
				785ABA932410D8DA00FCD0DE /* FreeMemo */,
				785ABA922410D8DA00FCD0DE /* Products */,
			);
			sourceTree = "<group>";
		};
		785ABA922410D8DA00FCD0DE /* Products */ = {
			isa = PBXGroup;
			children = (
				785ABA912410D8DA00FCD0DE /* FreeMemo.app */,
			);
			name = Products;
			sourceTree = "<group>";
		};
		785ABA932410D8DA00FCD0DE /* FreeMemo */ = {
			isa = PBXGroup;
			children = (
				785ABA942410D8DA00FCD0DE /* AppDelegate.swift */,
				785ABA962410D8DA00FCD0DE /* SceneDelegate.swift */,
				789A28A22410E4F9008DCD4B /* MemoListViewController.swift */,
				789A28A82410F576008DCD4B /* MemoCells.swift */,
				785ABAA02410D8DA00FCD0DE /* Assets.xcassets */,
				785ABAA22410D8DA00FCD0DE /* LaunchScreen.storyboard */,
				785ABAA52410D8DA00FCD0DE /* Info.plist */,
				785ABA9D2410D8DA00FCD0DE /* FreeMemo.xcdatamodeld */,
				7802DA21241374AB00BA33DE /* ComposeViewController.swift */,
				78E0D9E12414CCCB000452AD /* PictureCell.swift */,
			);
			path = FreeMemo;
			sourceTree = "<group>";
		};
/* End PBXGroup section */

/* Begin PBXNativeTarget section */
		785ABA902410D8D900FCD0DE /* FreeMemo */ = {
			isa = PBXNativeTarget;
			buildConfigurationList = 785ABAA82410D8DA00FCD0DE /* Build configuration list for PBXNativeTarget "FreeMemo" */;
			buildPhases = (
				785ABA8D2410D8D900FCD0DE /* Sources */,
				785ABA8E2410D8D900FCD0DE /* Frameworks */,
				785ABA8F2410D8D900FCD0DE /* Resources */,
			);
			buildRules = (
			);
			dependencies = (
			);
			name = FreeMemo;
			productName = FreeMemo;
			productReference = 785ABA912410D8DA00FCD0DE /* FreeMemo.app */;
			productType = "com.apple.product-type.application";
		};
/* End PBXNativeTarget section */

/* Begin PBXProject section */
		785ABA892410D8D900FCD0DE /* Project object */ = {
			isa = PBXProject;
			attributes = {
				LastSwiftUpdateCheck = 1130;
				LastUpgradeCheck = 1130;
				ORGANIZATIONNAME = EZDev;
				TargetAttributes = {
					785ABA902410D8D900FCD0DE = {
						CreatedOnToolsVersion = 11.3.1;
					};
				};
			};
			buildConfigurationList = 785ABA8C2410D8D900FCD0DE /* Build configuration list for PBXProject "FreeMemo" */;
			compatibilityVersion = "Xcode 9.3";
			developmentRegion = en;
			hasScannedForEncodings = 0;
			knownRegions = (
				en,
				Base,
			);
			mainGroup = 785ABA882410D8D900FCD0DE;
			productRefGroup = 785ABA922410D8DA00FCD0DE /* Products */;
			projectDirPath = "";
			projectRoot = "";
			targets = (
				785ABA902410D8D900FCD0DE /* FreeMemo */,
			);
		};
/* End PBXProject section */

/* Begin PBXResourcesBuildPhase section */
		785ABA8F2410D8D900FCD0DE /* Resources */ = {
			isa = PBXResourcesBuildPhase;
			buildActionMask = 2147483647;
			files = (
				785ABAA42410D8DA00FCD0DE /* LaunchScreen.storyboard in Resources */,
				785ABAA12410D8DA00FCD0DE /* Assets.xcassets in Resources */,
			);
			runOnlyForDeploymentPostprocessing = 0;
		};
/* End PBXResourcesBuildPhase section */

/* Begin PBXSourcesBuildPhase section */
		785ABA8D2410D8D900FCD0DE /* Sources */ = {
			isa = PBXSourcesBuildPhase;
			buildActionMask = 2147483647;
			files = (
				789A28A32410E4F9008DCD4B /* MemoListViewController.swift in Sources */,
				785ABA9F2410D8DA00FCD0DE /* FreeMemo.xcdatamodeld in Sources */,
				785ABA952410D8DA00FCD0DE /* AppDelegate.swift in Sources */,
				7802DA22241374AB00BA33DE /* ComposeViewController.swift in Sources */,
				785ABA972410D8DA00FCD0DE /* SceneDelegate.swift in Sources */,
				78E0D9E22414CCCB000452AD /* PictureCell.swift in Sources */,
				789A28A92410F576008DCD4B /* MemoCells.swift in Sources */,
			);
			runOnlyForDeploymentPostprocessing = 0;
		};
/* End PBXSourcesBuildPhase section */

/* Begin PBXVariantGroup section */
		785ABAA22410D8DA00FCD0DE /* LaunchScreen.storyboard */ = {
			isa = PBXVariantGroup;
			children = (
				785ABAA32410D8DA00FCD0DE /* Base */,
			);
			name = LaunchScreen.storyboard;
			sourceTree = "<group>";
		};
/* End PBXVariantGroup section */

/* Begin XCBuildConfiguration section */
		785ABAA62410D8DA00FCD0DE /* Debug */ = {
			isa = XCBuildConfiguration;
			buildSettings = {
				ALWAYS_SEARCH_USER_PATHS = NO;
				CLANG_ANALYZER_NONNULL = YES;
				CLANG_ANALYZER_NUMBER_OBJECT_CONVERSION = YES_AGGRESSIVE;
				CLANG_CXX_LANGUAGE_STANDARD = "gnu++14";
				CLANG_CXX_LIBRARY = "libc++";
				CLANG_ENABLE_MODULES = YES;
				CLANG_ENABLE_OBJC_ARC = YES;
				CLANG_ENABLE_OBJC_WEAK = YES;
				CLANG_WARN_BLOCK_CAPTURE_AUTORELEASING = YES;
				CLANG_WARN_BOOL_CONVERSION = YES;
				CLANG_WARN_COMMA = YES;
				CLANG_WARN_CONSTANT_CONVERSION = YES;
				CLANG_WARN_DEPRECATED_OBJC_IMPLEMENTATIONS = YES;
				CLANG_WARN_DIRECT_OBJC_ISA_USAGE = YES_ERROR;
				CLANG_WARN_DOCUMENTATION_COMMENTS = YES;
				CLANG_WARN_EMPTY_BODY = YES;
				CLANG_WARN_ENUM_CONVERSION = YES;
				CLANG_WARN_INFINITE_RECURSION = YES;
				CLANG_WARN_INT_CONVERSION = YES;
				CLANG_WARN_NON_LITERAL_NULL_CONVERSION = YES;
				CLANG_WARN_OBJC_IMPLICIT_RETAIN_SELF = YES;
				CLANG_WARN_OBJC_LITERAL_CONVERSION = YES;
				CLANG_WARN_OBJC_ROOT_CLASS = YES_ERROR;
				CLANG_WARN_RANGE_LOOP_ANALYSIS = YES;
				CLANG_WARN_STRICT_PROTOTYPES = YES;
				CLANG_WARN_SUSPICIOUS_MOVE = YES;
				CLANG_WARN_UNGUARDED_AVAILABILITY = YES_AGGRESSIVE;
				CLANG_WARN_UNREACHABLE_CODE = YES;
				CLANG_WARN__DUPLICATE_METHOD_MATCH = YES;
				COPY_PHASE_STRIP = NO;
				DEBUG_INFORMATION_FORMAT = dwarf;
				ENABLE_STRICT_OBJC_MSGSEND = YES;
				ENABLE_TESTABILITY = YES;
				GCC_C_LANGUAGE_STANDARD = gnu11;
				GCC_DYNAMIC_NO_PIC = NO;
				GCC_NO_COMMON_BLOCKS = YES;
				GCC_OPTIMIZATION_LEVEL = 0;
				GCC_PREPROCESSOR_DEFINITIONS = (
					"DEBUG=1",
					"$(inherited)",
				);
				GCC_WARN_64_TO_32_BIT_CONVERSION = YES;
				GCC_WARN_ABOUT_RETURN_TYPE = YES_ERROR;
				GCC_WARN_UNDECLARED_SELECTOR = YES;
				GCC_WARN_UNINITIALIZED_AUTOS = YES_AGGRESSIVE;
				GCC_WARN_UNUSED_FUNCTION = YES;
				GCC_WARN_UNUSED_VARIABLE = YES;
				IPHONEOS_DEPLOYMENT_TARGET = 13.2;
				MTL_ENABLE_DEBUG_INFO = INCLUDE_SOURCE;
				MTL_FAST_MATH = YES;
				ONLY_ACTIVE_ARCH = YES;
				SDKROOT = iphoneos;
				SWIFT_ACTIVE_COMPILATION_CONDITIONS = DEBUG;
				SWIFT_OPTIMIZATION_LEVEL = "-Onone";
			};
			name = Debug;
		};
		785ABAA72410D8DA00FCD0DE /* Release */ = {
			isa = XCBuildConfiguration;
			buildSettings = {
				ALWAYS_SEARCH_USER_PATHS = NO;
				CLANG_ANALYZER_NONNULL = YES;
				CLANG_ANALYZER_NUMBER_OBJECT_CONVERSION = YES_AGGRESSIVE;
				CLANG_CXX_LANGUAGE_STANDARD = "gnu++14";
				CLANG_CXX_LIBRARY = "libc++";
				CLANG_ENABLE_MODULES = YES;
				CLANG_ENABLE_OBJC_ARC = YES;
				CLANG_ENABLE_OBJC_WEAK = YES;
				CLANG_WARN_BLOCK_CAPTURE_AUTORELEASING = YES;
				CLANG_WARN_BOOL_CONVERSION = YES;
				CLANG_WARN_COMMA = YES;
				CLANG_WARN_CONSTANT_CONVERSION = YES;
				CLANG_WARN_DEPRECATED_OBJC_IMPLEMENTATIONS = YES;
				CLANG_WARN_DIRECT_OBJC_ISA_USAGE = YES_ERROR;
				CLANG_WARN_DOCUMENTATION_COMMENTS = YES;
				CLANG_WARN_EMPTY_BODY = YES;
				CLANG_WARN_ENUM_CONVERSION = YES;
				CLANG_WARN_INFINITE_RECURSION = YES;
				CLANG_WARN_INT_CONVERSION = YES;
				CLANG_WARN_NON_LITERAL_NULL_CONVERSION = YES;
				CLANG_WARN_OBJC_IMPLICIT_RETAIN_SELF = YES;
				CLANG_WARN_OBJC_LITERAL_CONVERSION = YES;
				CLANG_WARN_OBJC_ROOT_CLASS = YES_ERROR;
				CLANG_WARN_RANGE_LOOP_ANALYSIS = YES;
				CLANG_WARN_STRICT_PROTOTYPES = YES;
				CLANG_WARN_SUSPICIOUS_MOVE = YES;
				CLANG_WARN_UNGUARDED_AVAILABILITY = YES_AGGRESSIVE;
				CLANG_WARN_UNREACHABLE_CODE = YES;
				CLANG_WARN__DUPLICATE_METHOD_MATCH = YES;
				COPY_PHASE_STRIP = NO;
				DEBUG_INFORMATION_FORMAT = "dwarf-with-dsym";
				ENABLE_NS_ASSERTIONS = NO;
				ENABLE_STRICT_OBJC_MSGSEND = YES;
				GCC_C_LANGUAGE_STANDARD = gnu11;
				GCC_NO_COMMON_BLOCKS = YES;
				GCC_WARN_64_TO_32_BIT_CONVERSION = YES;
				GCC_WARN_ABOUT_RETURN_TYPE = YES_ERROR;
				GCC_WARN_UNDECLARED_SELECTOR = YES;
				GCC_WARN_UNINITIALIZED_AUTOS = YES_AGGRESSIVE;
				GCC_WARN_UNUSED_FUNCTION = YES;
				GCC_WARN_UNUSED_VARIABLE = YES;
				IPHONEOS_DEPLOYMENT_TARGET = 13.2;
				MTL_ENABLE_DEBUG_INFO = NO;
				MTL_FAST_MATH = YES;
				SDKROOT = iphoneos;
				SWIFT_COMPILATION_MODE = wholemodule;
				SWIFT_OPTIMIZATION_LEVEL = "-O";
				VALIDATE_PRODUCT = YES;
			};
			name = Release;
		};
		785ABAA92410D8DA00FCD0DE /* Debug */ = {
			isa = XCBuildConfiguration;
			buildSettings = {
				ASSETCATALOG_COMPILER_APPICON_NAME = AppIcon;
				CODE_SIGN_STYLE = Automatic;
				DEVELOPMENT_TEAM = 23R3V9LM6E;
				INFOPLIST_FILE = FreeMemo/Info.plist;
				IPHONEOS_DEPLOYMENT_TARGET = 10.0;
				LD_RUNPATH_SEARCH_PATHS = (
					"$(inherited)",
					"@executable_path/Frameworks",
				);
				PRODUCT_BUNDLE_IDENTIFIER = com.ezdev.FreeMemo;
				PRODUCT_NAME = "$(TARGET_NAME)";
				SWIFT_VERSION = 5.0;
				TARGETED_DEVICE_FAMILY = "1,2";
			};
			name = Debug;
		};
		785ABAAA2410D8DA00FCD0DE /* Release */ = {
			isa = XCBuildConfiguration;
			buildSettings = {
				ASSETCATALOG_COMPILER_APPICON_NAME = AppIcon;
				CODE_SIGN_STYLE = Automatic;
				DEVELOPMENT_TEAM = 23R3V9LM6E;
				INFOPLIST_FILE = FreeMemo/Info.plist;
				IPHONEOS_DEPLOYMENT_TARGET = 10.0;
				LD_RUNPATH_SEARCH_PATHS = (
					"$(inherited)",
					"@executable_path/Frameworks",
				);
				PRODUCT_BUNDLE_IDENTIFIER = com.ezdev.FreeMemo;
				PRODUCT_NAME = "$(TARGET_NAME)";
				SWIFT_VERSION = 5.0;
				TARGETED_DEVICE_FAMILY = "1,2";
			};
			name = Release;
		};
/* End XCBuildConfiguration section */

/* Begin XCConfigurationList section */
		785ABA8C2410D8D900FCD0DE /* Build configuration list for PBXProject "FreeMemo" */ = {
			isa = XCConfigurationList;
			buildConfigurations = (
				785ABAA62410D8DA00FCD0DE /* Debug */,
				785ABAA72410D8DA00FCD0DE /* Release */,
			);
			defaultConfigurationIsVisible = 0;
			defaultConfigurationName = Release;
		};
		785ABAA82410D8DA00FCD0DE /* Build configuration list for PBXNativeTarget "FreeMemo" */ = {
			isa = XCConfigurationList;
			buildConfigurations = (
				785ABAA92410D8DA00FCD0DE /* Debug */,
				785ABAAA2410D8DA00FCD0DE /* Release */,
			);
			defaultConfigurationIsVisible = 0;
			defaultConfigurationName = Release;
		};
/* End XCConfigurationList section */

/* Begin XCVersionGroup section */
		785ABA9D2410D8DA00FCD0DE /* FreeMemo.xcdatamodeld */ = {
			isa = XCVersionGroup;
			children = (
				785ABA9E2410D8DA00FCD0DE /* FreeMemo.xcdatamodel */,
			);
			currentVersion = 785ABA9E2410D8DA00FCD0DE /* FreeMemo.xcdatamodel */;
			path = FreeMemo.xcdatamodeld;
			sourceTree = "<group>";
			versionGroupType = wrapper.xcdatamodel;
		};
/* End XCVersionGroup section */
	};
	rootObject = 785ABA892410D8D900FCD0DE /* Project object */;
}
